
Microsoft Visual Studio Solution File, Format Version 12.00
# Visual Studio 15
VisualStudioVersion = 15.0.27428.2037
MinimumVisualStudioVersion = 10.0.40219.1
Project("{FAE04EC0-301F-11D3-BF4B-00C04F79EFBC}") = "PhantasmaContract", "PhantasmaContract\PhantasmaContract.csproj", "{34A64BC7-A8D7-425B-88C0-677EE28B8938}"
EndProject
Project("{FAE04EC0-301F-11D3-BF4B-00C04F79EFBC}") = "ContractTests", "ContractTests\ContractTests.csproj", "{23FD3B25-BFF7-4697-AF71-4F33F7F08BED}"
EndProject
Global
	GlobalSection(SolutionConfigurationPlatforms) = preSolution
		Debug|Any CPU = Debug|Any CPU
		Release|Any CPU = Release|Any CPU
	EndGlobalSection
	GlobalSection(ProjectConfigurationPlatforms) = postSolution
		{34A64BC7-A8D7-425B-88C0-677EE28B8938}.Debug|Any CPU.ActiveCfg = Debug|Any CPU
		{34A64BC7-A8D7-425B-88C0-677EE28B8938}.Debug|Any CPU.Build.0 = Debug|Any CPU
		{34A64BC7-A8D7-425B-88C0-677EE28B8938}.Release|Any CPU.ActiveCfg = Release|Any CPU
		{34A64BC7-A8D7-425B-88C0-677EE28B8938}.Release|Any CPU.Build.0 = Release|Any CPU
		{23FD3B25-BFF7-4697-AF71-4F33F7F08BED}.Debug|Any CPU.ActiveCfg = Debug|Any CPU
		{23FD3B25-BFF7-4697-AF71-4F33F7F08BED}.Debug|Any CPU.Build.0 = Debug|Any CPU
		{23FD3B25-BFF7-4697-AF71-4F33F7F08BED}.Release|Any CPU.ActiveCfg = Release|Any CPU
		{23FD3B25-BFF7-4697-AF71-4F33F7F08BED}.Release|Any CPU.Build.0 = Release|Any CPU
	EndGlobalSection
	GlobalSection(SolutionProperties) = preSolution
		HideSolutionNode = FALSE
	EndGlobalSection
	GlobalSection(ExtensibilityGlobals) = postSolution
		SolutionGuid = {8A420240-279F-4F4D-ABB2-E56022D6590A}
	EndGlobalSection
EndGlobal
